JETSON_LINUX_VERSION=36.5.2
JETSON_BSP_URL=https://developer.nvidia.com/downloads/embedded/l4t/r36_release_v5.2/releases/Jetson_Linux_r36.5.2_aarch64.tbz2
JETSON_BSP_SHA256=752326264c5e16826d3044a78e59ae06109467d37705143b94e664c91a471f47
JETSON_ROOTFS_URL=https://developer.nvidia.com/downloads/embedded/l4t/r36_release_v5.2/releases/Tegra_Linux_Sample-Root-Filesystem_r36.5.2_aarch64.tbz2
JETSON_ROOTFS_SHA256=077da9b27b1d3bc2247c2b73ce10cce880bdefe1f048d2a64df878d855a5b435
LUCIA_SOURCE_JETSON_LINUX_VERSION=36.5.2
LUCIA_SOURCE_REDIS_VERSION=8.2.9
LUCIA_SOURCE_CUDA_VERSION=12.6
LUCIA_SOURCE_CUDNN_VERSION=9.3.0.75
LUCIA_SOURCE_ONNX_RUNTIME_VERSION=1.23.2
LUCIA_SOURCE_SHERPA_ONNX_VERSION=1.12.34
OS_SOURCE_JETSON_LINUX_VERSION=36.5.2
OS_SOURCE_REDIS_VERSION=8.2.9
OS_SOURCE_CUDA_VERSION=12.6
OS_SOURCE_CUDNN_VERSION=9.3.0.75
OS_SOURCE_ONNX_RUNTIME_VERSION=1.23.2
OS_SOURCE_SHERPA_ONNX_VERSION=1.12.34
LUCIA_TARGET_JETSON_LINUX_VERSION=36.5.2
LUCIA_TARGET_REDIS_VERSION=8.2.9
LUCIA_TARGET_CUDA_VERSION=12.6
LUCIA_TARGET_CUDNN_VERSION=9.3.0.75
LUCIA_TARGET_ONNX_RUNTIME_VERSION=1.23.2
LUCIA_TARGET_SHERPA_ONNX_VERSION=1.12.34
OS_TARGET_JETSON_LINUX_VERSION=36.5.2
OS_TARGET_REDIS_VERSION=8.2.9
OS_TARGET_CUDA_VERSION=12.6
OS_TARGET_CUDNN_VERSION=9.3.0.75
OS_TARGET_ONNX_RUNTIME_VERSION=1.23.2
OS_TARGET_SHERPA_ONNX_VERSION=1.12.34
REDIS_VERSION=8.2.9
REDIS_COMMIT=0eb14894da51df6d1e4a748e3308b95deb85617d
REDIS_SOURCE_URL=https://github.com/redis/redis/archive/0eb14894da51df6d1e4a748e3308b95deb85617d.tar.gz
REDIS_SOURCE_SHA256=bda93820ddbb7842a3f1110288b1cc8f44fd268a7d4af767cb17b144d17818d6
REDIS_BUILD_IMAGE=gcc:14.2.0-bookworm@sha256:ab78e7a512cead0e90364bb21f91c299a913e8b19fc481bf700d97218524f46d
GH_CLI_VERSION=2.99.0
GH_CLI_URL=https://github.com/cli/cli/releases/download/v2.99.0/gh_2.99.0_linux_arm64.tar.gz
GH_CLI_SHA256=564eff56a61e8caf193efde16937fba879eb62a3a479c9dd6be2001e7647680b
GH_CLI_HOST_URL=https://github.com/cli/cli/releases/download/v2.99.0/gh_2.99.0_linux_amd64.tar.gz
GH_CLI_HOST_SHA256=ed4960225d2833e04a61590d9fa2b5773d147f3aa375459e5466a40c102f3832
TRUSTED_ROOT_SHA256=65ca537f6ed8a47fd0e560c421baa1f6c1efb8b25fc200d8c5c02c0e92eb2b9c
COMPUTE_PACKAGES=(
    "91b3cfe61d903a401c8ac043712c427042e3829ff2602f3aa594c1a2f25e48e8 https://repo.download.nvidia.com/jetson/common/pool/main/c/cuda-cudart/cuda-toolkit-config-common_12.6.68-1_all.deb"
    "b24be39e9f8baa8a44e8a3d787f45f577e50f9de6af5e0b6c3b09a7b7e2edbcc https://repo.download.nvidia.com/jetson/common/pool/main/c/cuda-cudart/cuda-toolkit-12-config-common_12.6.68-1_all.deb"
    "4b3030e33bb2d58010d66ad1380987556906260c1438a47f088be5116b27925b https://repo.download.nvidia.com/jetson/common/pool/main/c/cuda-cudart/cuda-toolkit-12-6-config-common_12.6.68-1_all.deb"
    "54456ed3372670d6a6d7e19d5971ec234800fe620dfb822aa751bc7d80f2a516 https://repo.download.nvidia.com/jetson/common/pool/main/c/cuda-cudart/cuda-cudart-12-6_12.6.68-1_arm64.deb"
    "b8189ac22bb781b1dcccc61a902fb623238cd4e65cf456dcd95f8f319eb346be https://repo.download.nvidia.com/jetson/common/pool/main/c/cuda-nvrtc/cuda-nvrtc-12-6_12.6.68-1_arm64.deb"
    "3ff5d9c20e8cf1b8fd36841271846f2d2de23aaca9bf2e9213d5dac8e6488693 https://repo.download.nvidia.com/jetson/common/pool/main/libc/libcublas/libcublas-12-6_12.6.1.4-1_arm64.deb"
    "68c95fdae59bde441a6ea9fc7d94eebb064f50e41fc51c4aeb4175cf098705e7 https://repo.download.nvidia.com/jetson/common/pool/main/libc/libcufft/libcufft-12-6_11.2.6.59-1_arm64.deb"
    "0f3a869f4b9f5c20912acfb043c911f210304a554de27c71346638ac73c96377 https://repo.download.nvidia.com/jetson/common/pool/main/c/cudnn/libcudnn9-cuda-12_9.3.0.75-1_arm64.deb"
)
OTELCOL_VERSION=0.139.0
OTELCOL_URL=https://github.com/open-telemetry/opentelemetry-collector-releases/releases/download/v0.139.0/otelcol-contrib_0.139.0_linux_arm64.tar.gz
OTELCOL_SHA256=cd7d485dd17a82b423c1b2f8123beb2f0d171a334b4d649321a09305161f6b1c
REDIS_EXPORTER_VERSION=1.89.0
REDIS_EXPORTER_URL=https://github.com/oliver006/redis_exporter/releases/download/v1.89.0/redis_exporter-v1.89.0.linux-arm64.tar.gz
REDIS_EXPORTER_SHA256=1a70d42cd1d96a9388f8b528f55ad5bdc2c3cbd911c1dff3875fcb9ac01fa28a
MINIMUM_DISK_BYTES=61203283968
LUCIA_PARTITION_GUID=95270b8b-a9a3-4775-8921-46d9f5d822fa
LUCIA_DATA_PARTITION_GUID=9348df64-dff5-4a35-ab34-e09c6941ac24
LUCIA_FILESYSTEM_UUID=032d7831-4eee-473c-8632-65378ac96cba
LUCIA_DATA_FILESYSTEM_UUID=2226d852-2202-4f42-94da-dbde4d7a88f9
